
Microsoft Visual Studio Solution File, Format Version 12.00
# Visual Studio Version 16
VisualStudioVersion = 16.0.30611.23
MinimumVisualStudioVersion = 10.0.40219.1
Project("{FAE04EC0-301F-11D3-BF4B-00C04F79EFBC}") = "ProductsApp", "ProductsApp.csproj", "{31CF9620-A185-40D5-89B2-F299C6430F65}"
EndProject
Global
	GlobalSection(SolutionConfigurationPlatforms) = preSolution
		Debug|Any CPU = Debug|Any CPU
		Release|Any CPU = Release|Any CPU
	EndGlobalSection
	GlobalSection(ProjectConfigurationPlatforms) = postSolution
		{31CF9620-A185-40D5-89B2-F299C6430F65}.Debug|Any CPU.ActiveCfg = Debug|Any CPU
		{31CF9620-A185-40D5-89B2-F299C6430F65}.Debug|Any CPU.Build.0 = Debug|Any CPU
		{31CF9620-A185-40D5-89B2-F299C6430F65}.Release|Any CPU.ActiveCfg = Release|Any CPU
		{31CF9620-A185-40D5-89B2-F299C6430F65}.Release|Any CPU.Build.0 = Release|Any CPU
	EndGlobalSection
	GlobalSection(SolutionProperties) = preSolution
		HideSolutionNode = FALSE
	EndGlobalSection
	GlobalSection(ExtensibilityGlobals) = postSolution
		SolutionGuid = {54B60ACC-2250-4172-8248-C6C447DD6CDB}
	EndGlobalSection
EndGlobal
